<?xml version="1.0" encoding="utf-8"?>
<Project ToolsVersion="4.0" xmlns="http://schemas.microsoft.com/developer/msbuild/2003">
  <ItemGroup>
    <Filter Include="源文件">
      <UniqueIdentifier>{4FC737F1-C7A5-4376-A066-2A32D752A2FF}</UniqueIdentifier>
      <Extensions>cpp;c;cc;cxx;c++;cppm;ixx;def;odl;idl;hpj;bat;asm;asmx</Extensions>
    </Filter>
    <Filter Include="头文件">
      <UniqueIdentifier>{93995380-89BD-4b04-88EB-625FBE52EBFB}</UniqueIdentifier>
      <Extensions>h;hh;hpp;hxx;h++;hm;inl;inc;ipp;xsd</Extensions>
    </Filter>
    <Filter Include="资源文件">
      <UniqueIdentifier>{67DA6AB6-F800-4c08-8B7A-83BB121AAD01}</UniqueIdentifier>
      <Extensions>rc;ico;cur;bmp;dlg;rc2;rct;bin;rgs;gif;jpg;jpeg;jpe;resx;tiff;tif;png;wav;mfcribbon-ms</Extensions>
    </Filter>
    <Filter Include="资源文件\resource">
      <UniqueIdentifier>{46237b23-3a48-4184-a2f1-6833e736252e}</UniqueIdentifier>
    </Filter>
    <Filter Include="资源文件\resource\ca">
      <UniqueIdentifier>{27bce2c2-ed89-4000-98b5-4faacff2896d}</UniqueIdentifier>
    </Filter>
    <Filter Include="资源文件\resource\cache">
      <UniqueIdentifier>{48c8727f-fdd1-44e0-a58a-aa7a28b6a018}</UniqueIdentifier>
    </Filter>
    <Filter Include="资源文件\resource\font">
      <UniqueIdentifier>{eaca6560-5955-4a1e-a8af-a86e4fe42a37}</UniqueIdentifier>
    </Filter>
    <Filter Include="资源文件\resource\scripts">
      <UniqueIdentifier>{adae3d73-e78e-4bce-a653-920cc126536b}</UniqueIdentifier>
    </Filter>
  </ItemGroup>
  <ItemGroup>
    <ClInclude Include="framework.h">
      <Filter>头文件</Filter>
    </ClInclude>
    <ClInclude Include="targetver.h">
      <Filter>头文件</Filter>
    </ClInclude>
    <ClInclude Include="Resource.h">
      <Filter>头文件</Filter>
    </ClInclude>
    <ClInclude Include="LayaBox.h">
      <Filter>头文件</Filter>
    </ClInclude>
  </ItemGroup>
  <ItemGroup>
    <ClCompile Include="LayaBox.cpp">
      <Filter>源文件</Filter>
    </ClCompile>
  </ItemGroup>
  <ItemGroup>
    <ResourceCompile Include="LayaBox.rc">
      <Filter>资源文件</Filter>
    </ResourceCompile>
  </ItemGroup>
  <ItemGroup>
    <Image Include="small.ico">
      <Filter>资源文件</Filter>
    </Image>
    <Image Include="LayaBox.ico">
      <Filter>资源文件</Filter>
    </Image>
  </ItemGroup>
  <ItemGroup>
    <None Include="resource\config.ini">
      <Filter>资源文件\resource</Filter>
    </None>
    <None Include="resource\ca\cacert.pem">
      <Filter>资源文件\resource\ca</Filter>
    </None>
    <None Include="resource\scripts\apploader.js">
      <Filter>资源文件\resource\scripts</Filter>
    </None>
    <None Include="resource\scripts\async.js">
      <Filter>资源文件\resource\scripts</Filter>
    </None>
    <None Include="resource\scripts\config.js">
      <Filter>资源文件\resource\scripts</Filter>
    </None>
    <None Include="resource\scripts\index.js">
      <Filter>资源文件\resource\scripts</Filter>
    </None>
    <None Include="resource\scripts\runtimeInit.js">
      <Filter>资源文件\resource\scripts</Filter>
    </None>
  </ItemGroup>
  <ItemGroup>
    <Text Include="resource\cache\readme.txt">
      <Filter>资源文件\resource\cache</Filter>
    </Text>
    <Text Include="resource\font\empty.txt">
      <Filter>资源文件\resource\font</Filter>
    </Text>
  </ItemGroup>
</Project>